
Microsoft Visual Studio Solution File, Format Version 12.00
# Visual Studio Version 16
VisualStudioVersion = 16.0.31005.135
MinimumVisualStudioVersion = 10.0.40219.1
Project("{2150E333-8FDC-42A3-9474-1A3956D46DE8}") = "src", "src", "{112E108A-879E-4B35-A6A5-42256731D933}"
EndProject
Project("{9A19103F-16F7-4668-BE54-9A1E7A4F7556}") = "core", "src\core\core.csproj", "{0E7BCDA7-8B82-4CCB-8E7B-207676312D3E}"
EndProject
Global
	GlobalSection(SolutionConfigurationPlatforms) = preSolution
		Debug|Any CPU = Debug|Any CPU
		Release|Any CPU = Release|Any CPU
	EndGlobalSection
	GlobalSection(ProjectConfigurationPlatforms) = postSolution
		{0E7BCDA7-8B82-4CCB-8E7B-207676312D3E}.Debug|Any CPU.ActiveCfg = Debug|Any CPU
		{0E7BCDA7-8B82-4CCB-8E7B-207676312D3E}.Debug|Any CPU.Build.0 = Debug|Any CPU
		{0E7BCDA7-8B82-4CCB-8E7B-207676312D3E}.Release|Any CPU.ActiveCfg = Release|Any CPU
		{0E7BCDA7-8B82-4CCB-8E7B-207676312D3E}.Release|Any CPU.Build.0 = Release|Any CPU
	EndGlobalSection
	GlobalSection(SolutionProperties) = preSolution
		HideSolutionNode = FALSE
	EndGlobalSection
	GlobalSection(NestedProjects) = preSolution
		{0E7BCDA7-8B82-4CCB-8E7B-207676312D3E} = {112E108A-879E-4B35-A6A5-42256731D933}
	EndGlobalSection
	GlobalSection(ExtensibilityGlobals) = postSolution
		SolutionGuid = {11AE6607-8DF1-44C9-AC32-C355274C48BB}
	EndGlobalSection
EndGlobal
